
Microsoft Visual Studio Solution File, Format Version 12.00
# Visual Studio Version 16
VisualStudioVersion = 16.0.30114.105
MinimumVisualStudioVersion = 10.0.40219.1
Project("{2150E333-8FDC-42A3-9474-1A3956D46DE8}") = "Solution Items", "Solution Items", "{1B772521-F95D-41FD-8C1E-A94DFEE21FD6}"
	ProjectSection(SolutionItems) = preProject
		.editorconfig = .editorconfig
		README.md = README.md
	EndProjectSection
EndProject
Project("{9A19103F-16F7-4668-BE54-9A1E7A4F7556}") = "Magento.RestClient", "source\Magento.RestClient\Magento.RestClient.csproj", "{46816BF7-80C5-4043-81EC-97DA589B845D}"
EndProject
Project("{9A19103F-16F7-4668-BE54-9A1E7A4F7556}") = "Magento.RestClient.Tests", "source\Magento.RestClient.Tests\Magento.RestClient.Tests.csproj", "{1E3B233D-522A-4228-95E2-1B365CF7E0F5}"
EndProject
Project("{9A19103F-16F7-4668-BE54-9A1E7A4F7556}") = "Magento.RestClient.Integration", "source\Magento.RestClient.Integration\Magento.RestClient.Integration.csproj", "{07B55F1A-9C1A-4C85-B4E4-73997B983633}"
EndProject
Project("{9A19103F-16F7-4668-BE54-9A1E7A4F7556}") = "Magento.RestClient.DependencyInjection", "source\Magento.RestClient.DependencyInjection\Magento.RestClient.DependencyInjection.csproj", "{DEB64274-644C-40F1-8FC4-3288F49964B5}"
EndProject
Global
	GlobalSection(SolutionConfigurationPlatforms) = preSolution
		Debug|Any CPU = Debug|Any CPU
		Release|Any CPU = Release|Any CPU
	EndGlobalSection
	GlobalSection(ProjectConfigurationPlatforms) = postSolution
		{46816BF7-80C5-4043-81EC-97DA589B845D}.Debug|Any CPU.ActiveCfg = Debug|Any CPU
		{46816BF7-80C5-4043-81EC-97DA589B845D}.Debug|Any CPU.Build.0 = Debug|Any CPU
		{46816BF7-80C5-4043-81EC-97DA589B845D}.Release|Any CPU.ActiveCfg = Release|Any CPU
		{46816BF7-80C5-4043-81EC-97DA589B845D}.Release|Any CPU.Build.0 = Release|Any CPU
		{1E3B233D-522A-4228-95E2-1B365CF7E0F5}.Debug|Any CPU.ActiveCfg = Debug|Any CPU
		{1E3B233D-522A-4228-95E2-1B365CF7E0F5}.Debug|Any CPU.Build.0 = Debug|Any CPU
		{1E3B233D-522A-4228-95E2-1B365CF7E0F5}.Release|Any CPU.ActiveCfg = Release|Any CPU
		{1E3B233D-522A-4228-95E2-1B365CF7E0F5}.Release|Any CPU.Build.0 = Release|Any CPU
		{07B55F1A-9C1A-4C85-B4E4-73997B983633}.Debug|Any CPU.ActiveCfg = Debug|Any CPU
		{07B55F1A-9C1A-4C85-B4E4-73997B983633}.Debug|Any CPU.Build.0 = Debug|Any CPU
		{07B55F1A-9C1A-4C85-B4E4-73997B983633}.Release|Any CPU.ActiveCfg = Release|Any CPU
		{07B55F1A-9C1A-4C85-B4E4-73997B983633}.Release|Any CPU.Build.0 = Release|Any CPU
		{DEB64274-644C-40F1-8FC4-3288F49964B5}.Debug|Any CPU.ActiveCfg = Debug|Any CPU
		{DEB64274-644C-40F1-8FC4-3288F49964B5}.Debug|Any CPU.Build.0 = Debug|Any CPU
		{DEB64274-644C-40F1-8FC4-3288F49964B5}.Release|Any CPU.ActiveCfg = Release|Any CPU
		{DEB64274-644C-40F1-8FC4-3288F49964B5}.Release|Any CPU.Build.0 = Release|Any CPU
	EndGlobalSection
	GlobalSection(SolutionProperties) = preSolution
		HideSolutionNode = FALSE
	EndGlobalSection
	GlobalSection(ExtensibilityGlobals) = postSolution
		SolutionGuid = {57FE79C9-1D1B-4489-BE69-3A0F3B6C0E03}
	EndGlobalSection
EndGlobal
