
Microsoft Visual Studio Solution File, Format Version 12.00
# Visual Studio Version 16
VisualStudioVersion = 16.0.30114.105
MinimumVisualStudioVersion = 10.0.40219.1
Project("{9A19103F-16F7-4668-BE54-9A1E7A4F7556}") = "Magento.RestClient", "Magento.RestClient\Magento.RestClient.csproj", "{D8DDDE8E-9B4A-4064-AE0E-E9E11EDE2483}"
EndProject
Project("{9A19103F-16F7-4668-BE54-9A1E7A4F7556}") = "Magento.RestClient.Tests", "Magento.RestClient.Tests\Magento.RestClient.Tests.csproj", "{793DE0ED-17FB-41DA-9344-4B199C7C79D9}"
EndProject
Project("{2150E333-8FDC-42A3-9474-1A3956D46DE8}") = "Solution Items", "Solution Items", "{1B772521-F95D-41FD-8C1E-A94DFEE21FD6}"
	ProjectSection(SolutionItems) = preProject
		.editorconfig = .editorconfig
		README.md = README.md
	EndProjectSection
EndProject
Global
	GlobalSection(SolutionConfigurationPlatforms) = preSolution
		Debug|Any CPU = Debug|Any CPU
		Release|Any CPU = Release|Any CPU
	EndGlobalSection
	GlobalSection(ProjectConfigurationPlatforms) = postSolution
		{D8DDDE8E-9B4A-4064-AE0E-E9E11EDE2483}.Debug|Any CPU.ActiveCfg = Debug|Any CPU
		{D8DDDE8E-9B4A-4064-AE0E-E9E11EDE2483}.Debug|Any CPU.Build.0 = Debug|Any CPU
		{D8DDDE8E-9B4A-4064-AE0E-E9E11EDE2483}.Release|Any CPU.ActiveCfg = Release|Any CPU
		{D8DDDE8E-9B4A-4064-AE0E-E9E11EDE2483}.Release|Any CPU.Build.0 = Release|Any CPU
		{793DE0ED-17FB-41DA-9344-4B199C7C79D9}.Debug|Any CPU.ActiveCfg = Debug|Any CPU
		{793DE0ED-17FB-41DA-9344-4B199C7C79D9}.Debug|Any CPU.Build.0 = Debug|Any CPU
		{793DE0ED-17FB-41DA-9344-4B199C7C79D9}.Release|Any CPU.ActiveCfg = Release|Any CPU
		{793DE0ED-17FB-41DA-9344-4B199C7C79D9}.Release|Any CPU.Build.0 = Release|Any CPU
	EndGlobalSection
	GlobalSection(SolutionProperties) = preSolution
		HideSolutionNode = FALSE
	EndGlobalSection
	GlobalSection(ExtensibilityGlobals) = postSolution
		SolutionGuid = {57FE79C9-1D1B-4489-BE69-3A0F3B6C0E03}
	EndGlobalSection
EndGlobal
